
Microsoft Visual Studio Solution File, Format Version 12.00
# Visual Studio Version 16
VisualStudioVersion = 16.0.30320.27
MinimumVisualStudioVersion = 10.0.40219.1
Project("{FAE04EC0-301F-11D3-BF4B-00C04F79EFBC}") = "MusicPlayer", "MusicPlayer\MusicPlayer.csproj", "{8D33AF97-A301-40BF-BB02-D1F1B0867BD1}"
EndProject
Global
	GlobalSection(SolutionConfigurationPlatforms) = preSolution
		Debug|Any CPU = Debug|Any CPU
		Release|Any CPU = Release|Any CPU
	EndGlobalSection
	GlobalSection(ProjectConfigurationPlatforms) = postSolution
		{8D33AF97-A301-40BF-BB02-D1F1B0867BD1}.Debug|Any CPU.ActiveCfg = Debug|Any CPU
		{8D33AF97-A301-40BF-BB02-D1F1B0867BD1}.Debug|Any CPU.Build.0 = Debug|Any CPU
		{8D33AF97-A301-40BF-BB02-D1F1B0867BD1}.Release|Any CPU.ActiveCfg = Release|Any CPU
		{8D33AF97-A301-40BF-BB02-D1F1B0867BD1}.Release|Any CPU.Build.0 = Release|Any CPU
	EndGlobalSection
	GlobalSection(SolutionProperties) = preSolution
		HideSolutionNode = FALSE
	EndGlobalSection
	GlobalSection(ExtensibilityGlobals) = postSolution
		SolutionGuid = {2849D4B1-1D5B-44B3-BCBA-15CD63385460}
	EndGlobalSection
EndGlobal
